Microsoft Visual Studio Solution File, Format Version 12.00
# Visual Studio Version 17
VisualStudioVersion = 17.13.35825.156
MinimumVisualStudioVersion = 10.0.40219.1
Project("{FAE04EC0-301F-11D3-BF4B-00C04F79EFBC}") = "ServerTN", "ServerTN.csproj", "{83BEF4A6-EA22-489C-8729-E5E40A78DEA1}"
EndProject
Project("{FAE04EC0-301F-11D3-BF4B-00C04F79EFBC}") = "ClientUers", "..\ClientUers\ClientUers.csproj", "{65B55A7F-B31F-41A7-8900-A2A8B254201A}"
EndProject
Global
	GlobalSection(SolutionConfigurationPlatforms) = preSolution
		Debug|Any CPU = Debug|Any CPU
		Release|Any CPU = Release|Any CPU
	EndGlobalSection
	GlobalSection(ProjectConfigurationPlatforms) = postSolution
		{83BEF4A6-EA22-489C-8729-E5E40A78DEA1}.Debug|Any CPU.ActiveCfg = Debug|Any CPU
		{83BEF4A6-EA22-489C-8729-E5E40A78DEA1}.Debug|Any CPU.Build.0 = Debug|Any CPU
		{83BEF4A6-EA22-489C-8729-E5E40A78DEA1}.Release|Any CPU.ActiveCfg = Release|Any CPU
		{83BEF4A6-EA22-489C-8729-E5E40A78DEA1}.Release|Any CPU.Build.0 = Release|Any CPU
		{65B55A7F-B31F-41A7-8900-A2A8B254201A}.Debug|Any CPU.ActiveCfg = Debug|Any CPU
		{65B55A7F-B31F-41A7-8900-A2A8B254201A}.Debug|Any CPU.Build.0 = Debug|Any CPU
		{65B55A7F-B31F-41A7-8900-A2A8B254201A}.Release|Any CPU.ActiveCfg = Release|Any CPU
		{65B55A7F-B31F-41A7-8900-A2A8B254201A}.Release|Any CPU.Build.0 = Release|Any CPU
	EndGlobalSection
	GlobalSection(SolutionProperties) = preSolution
		HideSolutionNode = FALSE
	EndGlobalSection
	GlobalSection(ExtensibilityGlobals) = postSolution
		SolutionGuid = {53EB3476-2751-4FD1-B33D-080B545F4FF0}
	EndGlobalSection
EndGlobal
